
Microsoft Visual Studio Solution File, Format Version 12.00
# Visual Studio 15
VisualStudioVersion = 15.0.28307.705
MinimumVisualStudioVersion = 10.0.40219.1
Project("{8BC9CEB8-8B4A-11D0-8D11-00A0C91BC942}") = "LeetCode", "LeetCode\LeetCode.vcxproj", "{C3067A3E-D6A2-4611-9A13-83BB4265B6B4}"
EndProject
Project("{2150E333-8FDC-42A3-9474-1A3956D46DE8}") = "Solution Items", "Solution Items", "{C7634E96-8974-4202-BA87-7F26B8D24603}"
	ProjectSection(SolutionItems) = preProject
		.gitignore = .gitignore
		README.md = README.md
	EndProjectSection
EndProject
Global
	GlobalSection(SolutionConfigurationPlatforms) = preSolution
		Debug|x64 = Debug|x64
		Debug|x86 = Debug|x86
		Release|x64 = Release|x64
		Release|x86 = Release|x86
	EndGlobalSection
	GlobalSection(ProjectConfigurationPlatforms) = postSolution
		{C3067A3E-D6A2-4611-9A13-83BB4265B6B4}.Debug|x64.ActiveCfg = Debug|x64
		{C3067A3E-D6A2-4611-9A13-83BB4265B6B4}.Debug|x64.Build.0 = Debug|x64
		{C3067A3E-D6A2-4611-9A13-83BB4265B6B4}.Debug|x86.ActiveCfg = Debug|Win32
		{C3067A3E-D6A2-4611-9A13-83BB4265B6B4}.Debug|x86.Build.0 = Debug|Win32
		{C3067A3E-D6A2-4611-9A13-83BB4265B6B4}.Release|x64.ActiveCfg = Release|x64
		{C3067A3E-D6A2-4611-9A13-83BB4265B6B4}.Release|x64.Build.0 = Release|x64
		{C3067A3E-D6A2-4611-9A13-83BB4265B6B4}.Release|x86.ActiveCfg = Release|Win32
		{C3067A3E-D6A2-4611-9A13-83BB4265B6B4}.Release|x86.Build.0 = Release|Win32
	EndGlobalSection
	GlobalSection(SolutionProperties) = preSolution
		HideSolutionNode = FALSE
	EndGlobalSection
	GlobalSection(ExtensibilityGlobals) = postSolution
		SolutionGuid = {A7C9CF63-C9ED-48E8-9EE6-19A004BDCB99}
	EndGlobalSection
EndGlobal
