<?xml version="1.0" encoding="utf-8"?>
<Project ToolsVersion="4.0" xmlns="http://schemas.microsoft.com/developer/msbuild/2003">
  <ItemGroup>
    <Filter Include="源文件">
      <UniqueIdentifier>{4FC737F1-C7A5-4376-A066-2A32D752A2FF}</UniqueIdentifier>
      <Extensions>cpp;c;cc;cxx;def;odl;idl;hpj;bat;asm;asmx</Extensions>
    </Filter>
    <Filter Include="头文件">
      <UniqueIdentifier>{93995380-89BD-4b04-88EB-625FBE52EBFB}</UniqueIdentifier>
      <Extensions>h;hh;hpp;hxx;hm;inl;inc;ipp;xsd</Extensions>
    </Filter>
    <Filter Include="资源文件">
      <UniqueIdentifier>{67DA6AB6-F800-4c08-8B7A-83BB121AAD01}</UniqueIdentifier>
      <Extensions>rc;ico;cur;bmp;dlg;rc2;rct;bin;rgs;gif;jpg;jpeg;jpe;resx;tiff;tif;png;wav;mfcribbon-ms</Extensions>
    </Filter>
  </ItemGroup>
  <ItemGroup>
    <ClInclude Include="LeetCode.h">
      <Filter>头文件</Filter>
    </ClInclude>
  </ItemGroup>
  <ItemGroup>
    <ClCompile Include="LC000 Template.cpp">
      <Filter>源文件</Filter>
    </ClCompile>
    <ClCompile Include="LC001 Two Sum.cpp">
      <Filter>源文件</Filter>
    </ClCompile>
    <ClCompile Include="LC002 Add Two Numbers.cpp">
      <Filter>源文件</Filter>
    </ClCompile>
    <ClCompile Include="LC003 Longest Substring Without Repeating Characters.cpp">
      <Filter>源文件</Filter>
    </ClCompile>
    <ClCompile Include="LC004 Median of Two Sorted Arrays.cpp">
      <Filter>源文件</Filter>
    </ClCompile>
    <ClCompile Include="LC005 Longest Palindromic Substring.cpp">
      <Filter>源文件</Filter>
    </ClCompile>
    <ClCompile Include="LC006 ZigZag Conversion.cpp">
      <Filter>源文件</Filter>
    </ClCompile>
    <ClCompile Include="LC007 Reverse Integer.cpp">
      <Filter>源文件</Filter>
    </ClCompile>
    <ClCompile Include="LC008 String to Integer (atoi).cpp">
      <Filter>源文件</Filter>
    </ClCompile>
    <ClCompile Include="LC009 Palindrome Number.cpp">
      <Filter>源文件</Filter>
    </ClCompile>
    <ClCompile Include="LC010 Regular Expression Matching.cpp">
      <Filter>源文件</Filter>
    </ClCompile>
    <ClCompile Include="LC011 Container With Most Water.cpp">
      <Filter>源文件</Filter>
    </ClCompile>
    <ClCompile Include="LC012 Integer to Roman.cpp">
      <Filter>源文件</Filter>
    </ClCompile>
    <ClCompile Include="LC013 Roman to Integer.cpp">
      <Filter>源文件</Filter>
    </ClCompile>
    <ClCompile Include="LC014 Longest Common Prefix.cpp">
      <Filter>源文件</Filter>
    </ClCompile>
    <ClCompile Include="LC015 3Sum.cpp">
      <Filter>源文件</Filter>
    </ClCompile>
    <ClCompile Include="LC017 Letter Combinations of a Phone Number.cpp">
      <Filter>源文件</Filter>
    </ClCompile>
    <ClCompile Include="LC019 Remove Nth Node From End of List.cpp">
      <Filter>源文件</Filter>
    </ClCompile>
    <ClCompile Include="LC020 Valid Parentheses.cpp">
      <Filter>源文件</Filter>
    </ClCompile>
    <ClCompile Include="LC021 Merge Two Sorted Lists.cpp">
      <Filter>源文件</Filter>
    </ClCompile>
    <ClCompile Include="LC022 Generate Parentheses.cpp">
      <Filter>源文件</Filter>
    </ClCompile>
    <ClCompile Include="LC023 Merge k Sorted Lists.cpp">
      <Filter>源文件</Filter>
    </ClCompile>
    <ClCompile Include="LC026 Remove Duplicates from Sorted Array.cpp">
      <Filter>源文件</Filter>
    </ClCompile>
    <ClCompile Include="LC027 Remove Element.cpp">
      <Filter>源文件</Filter>
    </ClCompile>
    <ClCompile Include="LC028 Implement strStr().cpp">
      <Filter>源文件</Filter>
    </ClCompile>
    <ClCompile Include="LC031 Next Permutation.cpp">
      <Filter>源文件</Filter>
    </ClCompile>
    <ClCompile Include="LC032 Longest Valid Parentheses.cpp">
      <Filter>源文件</Filter>
    </ClCompile>
    <ClCompile Include="LC033 Search in Rotated Sorted Array.cpp">
      <Filter>源文件</Filter>
    </ClCompile>
    <ClCompile Include="LC034 Find First and Last Position of Element in Sorted Array.cpp">
      <Filter>源文件</Filter>
    </ClCompile>
    <ClCompile Include="LC035 Search Insert Position.cpp">
      <Filter>源文件</Filter>
    </ClCompile>
    <ClCompile Include="LC038 Count and Say.cpp">
      <Filter>源文件</Filter>
    </ClCompile>
    <ClCompile Include="LC039 Combination Sum.cpp">
      <Filter>源文件</Filter>
    </ClCompile>
    <ClCompile Include="LC042 Trapping Rain Water.cpp">
      <Filter>源文件</Filter>
    </ClCompile>
    <ClCompile Include="LC045 Jump Game II.cpp">
      <Filter>源文件</Filter>
    </ClCompile>
    <ClCompile Include="LC046 Permutations.cpp">
      <Filter>源文件</Filter>
    </ClCompile>
    <ClCompile Include="LC048 Rotate Image.cpp">
      <Filter>源文件</Filter>
    </ClCompile>
    <ClCompile Include="LC049 Group Anagrams.cpp">
      <Filter>源文件</Filter>
    </ClCompile>
    <ClCompile Include="LC050 Pow(x, n).cpp">
      <Filter>源文件</Filter>
    </ClCompile>
    <ClCompile Include="LC053 Maximum Subarray.cpp">
      <Filter>源文件</Filter>
    </ClCompile>
    <ClCompile Include="LC055 Jump Game.cpp">
      <Filter>源文件</Filter>
    </ClCompile>
    <ClCompile Include="LC056 Merge Intervals.cpp">
      <Filter>源文件</Filter>
    </ClCompile>
    <ClCompile Include="LC058 Length of Last Word.cpp">
      <Filter>源文件</Filter>
    </ClCompile>
    <ClCompile Include="LC062 Unique Paths.cpp">
      <Filter>源文件</Filter>
    </ClCompile>
    <ClCompile Include="LC063 Unique Paths II.cpp">
      <Filter>源文件</Filter>
    </ClCompile>
    <ClCompile Include="LC064 Minimum Path Sum.cpp">
      <Filter>源文件</Filter>
    </ClCompile>
    <ClCompile Include="LC066 Plus One.cpp">
      <Filter>源文件</Filter>
    </ClCompile>
    <ClCompile Include="LC070 Climbing Stairs.cpp">
      <Filter>源文件</Filter>
    </ClCompile>
    <ClCompile Include="LC074 Search a 2D Matrix.cpp">
      <Filter>源文件</Filter>
    </ClCompile>
    <ClCompile Include="LC075 Sort Colors.cpp">
      <Filter>源文件</Filter>
    </ClCompile>
    <ClCompile Include="LC078 Subsets.cpp">
      <Filter>源文件</Filter>
    </ClCompile>
    <ClCompile Include="LC079 Word Search.cpp">
      <Filter>源文件</Filter>
    </ClCompile>
    <ClCompile Include="LC088 Merge Sorted Array.cpp">
      <Filter>源文件</Filter>
    </ClCompile>
    <ClCompile Include="LC089 Gray Code.cpp">
      <Filter>源文件</Filter>
    </ClCompile>
    <ClCompile Include="LC091 Decode Ways.cpp">
      <Filter>源文件</Filter>
    </ClCompile>
    <ClCompile Include="LC094 Binary Tree Inorder Traversal.cpp">
      <Filter>源文件</Filter>
    </ClCompile>
    <ClCompile Include="LC095 Unique Binary Search Trees II.cpp">
      <Filter>源文件</Filter>
    </ClCompile>
    <ClCompile Include="LC096 Unique Binary Search Trees.cpp">
      <Filter>源文件</Filter>
    </ClCompile>
    <ClCompile Include="LC098 Validate Binary Search Tree.cpp">
      <Filter>源文件</Filter>
    </ClCompile>
    <ClCompile Include="LC102 Binary Tree Level Order Traversal.cpp">
      <Filter>源文件</Filter>
    </ClCompile>
    <ClCompile Include="LC104 Maximum Depth of Binary Tree.cpp">
      <Filter>源文件</Filter>
    </ClCompile>
    <ClCompile Include="LC105 Construct Binary Tree from Preorder and Inorder Traversal.cpp">
      <Filter>源文件</Filter>
    </ClCompile>
    <ClCompile Include="LC110 Balanced Binary Tree.cpp">
      <Filter>源文件</Filter>
    </ClCompile>
    <ClCompile Include="LC111 Minimum Depth of Binary Tree.cpp">
      <Filter>源文件</Filter>
    </ClCompile>
    <ClCompile Include="LC114 Flatten Binary Tree to Linked List.cpp">
      <Filter>源文件</Filter>
    </ClCompile>
    <ClCompile Include="LC116 Populating Next Right Pointers in Each Node.cpp">
      <Filter>源文件</Filter>
    </ClCompile>
    <ClCompile Include="LC120 Triangle.cpp">
      <Filter>源文件</Filter>
    </ClCompile>
    <ClCompile Include="LC121 Best Time to Buy and Sell Stock.cpp">
      <Filter>源文件</Filter>
    </ClCompile>
    <ClCompile Include="LC122 Best Time to Buy and Sell Stock II.cpp">
      <Filter>源文件</Filter>
    </ClCompile>
    <ClCompile Include="LC123 Best Time to Buy and Sell Stock III.cpp">
      <Filter>源文件</Filter>
    </ClCompile>
    <ClCompile Include="LC124 Binary Tree Maximum Path Sum.cpp">
      <Filter>源文件</Filter>
    </ClCompile>
    <ClCompile Include="LC129 Sum Root to Leaf Numbers.cpp">
      <Filter>源文件</Filter>
    </ClCompile>
    <ClCompile Include="LC136 Single Number.cpp">
      <Filter>源文件</Filter>
    </ClCompile>
    <ClCompile Include="LC137 Single Number II.cpp">
      <Filter>源文件</Filter>
    </ClCompile>
    <ClCompile Include="LC139 Word Break.cpp">
      <Filter>源文件</Filter>
    </ClCompile>
    <ClCompile Include="LC141 Linked List Cycle.cpp">
      <Filter>源文件</Filter>
    </ClCompile>
    <ClCompile Include="LC142 Linked List Cycle II.cpp">
      <Filter>源文件</Filter>
    </ClCompile>
    <ClCompile Include="LC144 Binary Tree Preorder Traversal.cpp">
      <Filter>源文件</Filter>
    </ClCompile>
    <ClCompile Include="LC145 Binary Tree Postorder Traversal.cpp">
      <Filter>源文件</Filter>
    </ClCompile>
    <ClCompile Include="LC147 Insertion Sort List.cpp">
      <Filter>源文件</Filter>
    </ClCompile>
    <ClCompile Include="LC148 Sort List.cpp">
      <Filter>源文件</Filter>
    </ClCompile>
    <ClCompile Include="LC149 Max Points on a Line.cpp">
      <Filter>源文件</Filter>
    </ClCompile>
    <ClCompile Include="LC150 Evaluate Reverse Polish Notation.cpp">
      <Filter>源文件</Filter>
    </ClCompile>
    <ClCompile Include="LC152 Maximum Product Subarray.cpp">
      <Filter>源文件</Filter>
    </ClCompile>
    <ClCompile Include="LC160 Intersection of Two Linked Lists.cpp">
      <Filter>源文件</Filter>
    </ClCompile>
    <ClCompile Include="LC169 Majority Element.cpp">
      <Filter>源文件</Filter>
    </ClCompile>
    <ClCompile Include="LC188 Best Time to Buy and Sell Stock IV.cpp">
      <Filter>源文件</Filter>
    </ClCompile>
    <ClCompile Include="LC189 Rotate Array.cpp">
      <Filter>源文件</Filter>
    </ClCompile>
    <ClCompile Include="LC198 House Robber.cpp">
      <Filter>源文件</Filter>
    </ClCompile>
    <ClCompile Include="LC206 Reverse Linked List.cpp">
      <Filter>源文件</Filter>
    </ClCompile>
    <ClCompile Include="LC221 Maximal Square.cpp">
      <Filter>源文件</Filter>
    </ClCompile>
    <ClCompile Include="LC226 Invert Binary Tree.cpp">
      <Filter>源文件</Filter>
    </ClCompile>
    <ClCompile Include="LC234 Palindrome Linked List.cpp">
      <Filter>源文件</Filter>
    </ClCompile>
    <ClCompile Include="LC237 Delete Node in a Linked List.cpp">
      <Filter>源文件</Filter>
    </ClCompile>
    <ClCompile Include="LC238 Move Zeroes.cpp">
      <Filter>源文件</Filter>
    </ClCompile>
    <ClCompile Include="LC279 Perfect Squares.cpp">
      <Filter>源文件</Filter>
    </ClCompile>
    <ClCompile Include="LC287 Find the Duplicate Number.cpp">
      <Filter>源文件</Filter>
    </ClCompile>
    <ClCompile Include="LC300 Longest Increasing Subsequence.cpp">
      <Filter>源文件</Filter>
    </ClCompile>
    <ClCompile Include="LC303 Range Sum Query - Immutable.cpp">
      <Filter>源文件</Filter>
    </ClCompile>
    <ClCompile Include="LC437 Path Sum III.cpp">
      <Filter>源文件</Filter>
    </ClCompile>
    <ClCompile Include="LC438 Find All Anagrams in a String.cpp">
      <Filter>源文件</Filter>
    </ClCompile>
    <ClCompile Include="LC442 Find All Duplicates in an Array.cpp">
      <Filter>源文件</Filter>
    </ClCompile>
    <ClCompile Include="LC448 Find All Numbers Disappeared in an Array.cpp">
      <Filter>源文件</Filter>
    </ClCompile>
    <ClCompile Include="LC461 Hamming Distance.cpp">
      <Filter>源文件</Filter>
    </ClCompile>
    <ClCompile Include="LC617 Merge Two Binary Trees.cpp">
      <Filter>源文件</Filter>
    </ClCompile>
    <ClCompile Include="LC746 Min Cost Climbing Stairs.cpp">
      <Filter>源文件</Filter>
    </ClCompile>
    <ClCompile Include="LC870 Advantage Shuffle.cpp">
      <Filter>源文件</Filter>
    </ClCompile>
    <ClCompile Include="LC938 Range Sum of BST.cpp">
      <Filter>源文件</Filter>
    </ClCompile>
    <ClCompile Include="LC538 Convert BST to Greater Tree.cpp">
      <Filter>源文件</Filter>
    </ClCompile>
    <ClCompile Include="LC543 Diameter of Binary Tree.cpp">
      <Filter>源文件</Filter>
    </ClCompile>
    <ClCompile Include="LC581 Shortest Unsorted Continuous Subarray.cpp">
      <Filter>源文件</Filter>
    </ClCompile>
    <ClCompile Include="LC146 LRU Cache.cpp">
      <Filter>源文件</Filter>
    </ClCompile>
    <ClCompile Include="LC252 Meeting Rooms.cpp">
      <Filter>源文件</Filter>
    </ClCompile>
    <ClCompile Include="LC253 Meeting Rooms II.cpp">
      <Filter>源文件</Filter>
    </ClCompile>
    <ClCompile Include="LC295 Find Median from Data Stream.cpp">
      <Filter>源文件</Filter>
    </ClCompile>
  </ItemGroup>
</Project>